
Microsoft Visual Studio Solution File, Format Version 12.00
# Visual Studio Version 17
VisualStudioVersion = 17.11.35312.102
MinimumVisualStudioVersion = 10.0.40219.1
Project("{FAE04EC0-301F-11D3-BF4B-00C04F79EFBC}") = "MarketplaceWeb.Bff", "MarketplaceWeb.Bff.csproj", "{06D1F977-38C7-4000-8D70-FD1A60F9E1B9}"
EndProject
Project("{FAE04EC0-301F-11D3-BF4B-00C04F79EFBC}") = "MarketplaceWeb.Bff.Test", "MarketplaceWeb.Bff.Test\MarketplaceWeb.Bff.Test.csproj", "{6907BC3A-C525-4EFF-8B0C-45999D392EA3}"
EndProject
Global
	GlobalSection(SolutionConfigurationPlatforms) = preSolution
		Debug|Any CPU = Debug|Any CPU
		Release|Any CPU = Release|Any CPU
	EndGlobalSection
	GlobalSection(ProjectConfigurationPlatforms) = postSolution
		{06D1F977-38C7-4000-8D70-FD1A60F9E1B9}.Debug|Any CPU.ActiveCfg = Debug|Any CPU
		{06D1F977-38C7-4000-8D70-FD1A60F9E1B9}.Debug|Any CPU.Build.0 = Debug|Any CPU
		{06D1F977-38C7-4000-8D70-FD1A60F9E1B9}.Release|Any CPU.ActiveCfg = Release|Any CPU
		{06D1F977-38C7-4000-8D70-FD1A60F9E1B9}.Release|Any CPU.Build.0 = Release|Any CPU
		{6907BC3A-C525-4EFF-8B0C-45999D392EA3}.Debug|Any CPU.ActiveCfg = Debug|Any CPU
		{6907BC3A-C525-4EFF-8B0C-45999D392EA3}.Debug|Any CPU.Build.0 = Debug|Any CPU
		{6907BC3A-C525-4EFF-8B0C-45999D392EA3}.Release|Any CPU.ActiveCfg = Release|Any CPU
		{6907BC3A-C525-4EFF-8B0C-45999D392EA3}.Release|Any CPU.Build.0 = Release|Any CPU
	EndGlobalSection
	GlobalSection(SolutionProperties) = preSolution
		HideSolutionNode = FALSE
	EndGlobalSection
	GlobalSection(ExtensibilityGlobals) = postSolution
		SolutionGuid = {B65A50A9-E03E-43D2-A687-D78687A4C39E}
	EndGlobalSection
EndGlobal
